
Microsoft Visual Studio Solution File, Format Version 12.00
# Visual Studio Version 17
VisualStudioVersion = 17.4.33110.190
MinimumVisualStudioVersion = 10.0.40219.1
Project("{FAE04EC0-301F-11D3-BF4B-00C04F79EFBC}") = "UC1-CreateStack", "UC1-CreateStack.csproj", "{C4FCF771-47A4-406D-B9E1-9D08D6FE18CD}"
EndProject
Global
	GlobalSection(SolutionConfigurationPlatforms) = preSolution
		Debug|Any CPU = Debug|Any CPU
		Release|Any CPU = Release|Any CPU
	EndGlobalSection
	GlobalSection(ProjectConfigurationPlatforms) = postSolution
		{C4FCF771-47A4-406D-B9E1-9D08D6FE18CD}.Debug|Any CPU.ActiveCfg = Debug|Any CPU
		{C4FCF771-47A4-406D-B9E1-9D08D6FE18CD}.Debug|Any CPU.Build.0 = Debug|Any CPU
		{C4FCF771-47A4-406D-B9E1-9D08D6FE18CD}.Release|Any CPU.ActiveCfg = Release|Any CPU
		{C4FCF771-47A4-406D-B9E1-9D08D6FE18CD}.Release|Any CPU.Build.0 = Release|Any CPU
	EndGlobalSection
	GlobalSection(SolutionProperties) = preSolution
		HideSolutionNode = FALSE
	EndGlobalSection
	GlobalSection(ExtensibilityGlobals) = postSolution
		SolutionGuid = {917CAF1A-E10A-4174-8998-FE79299B4219}
	EndGlobalSection
EndGlobal
